
Microsoft Visual Studio Solution File, Format Version 12.00
# Visual Studio Version 17
VisualStudioVersion = 17.9.34728.123
MinimumVisualStudioVersion = 10.0.40219.1
Project("{2150E333-8FDC-42A3-9474-1A3956D46DE8}") = "Services", "Services", "{26015F5F-F54D-4C09-AE15-DE9A4803972D}"
EndProject
Project("{2150E333-8FDC-42A3-9474-1A3956D46DE8}") = "Catalog", "Catalog", "{537A3636-2F2D-49A2-80A9-0A684ADFA63F}"
EndProject
Project("{9A19103F-16F7-4668-BE54-9A1E7A4F7556}") = "MultiShop.Catalog", "Services\Catalog\MultiShop.Catalog\MultiShop.Catalog.csproj", "{BF28A3D1-E527-4001-98B9-4005DACB0F8E}"
EndProject
Project("{2150E333-8FDC-42A3-9474-1A3956D46DE8}") = "Discount", "Discount", "{A49496D0-DB6C-45AD-AA38-A1F18C445FAC}"
EndProject
Project("{9A19103F-16F7-4668-BE54-9A1E7A4F7556}") = "MultiShop.Discount", "Services\Discount\MultiShop.Discount\MultiShop.Discount.csproj", "{89D2815D-F065-4E6B-80AC-FC52FEBD927C}"
EndProject
Project("{2150E333-8FDC-42A3-9474-1A3956D46DE8}") = "Order", "Order", "{384B54E8-769A-4DA4-A31B-7A7722E115DE}"
EndProject
Project("{2150E333-8FDC-42A3-9474-1A3956D46DE8}") = "Core", "Core", "{CBCFD0BC-82F6-43EC-908B-62CB211D63A0}"
EndProject
Project("{2150E333-8FDC-42A3-9474-1A3956D46DE8}") = "Infrastructure", "Infrastructure", "{00699513-C643-4119-8321-2D119DC98A78}"
EndProject
Project("{2150E333-8FDC-42A3-9474-1A3956D46DE8}") = "Presentation", "Presentation", "{C345B57C-CA52-4F21-867D-B17B2ED0804F}"
EndProject
Project("{9A19103F-16F7-4668-BE54-9A1E7A4F7556}") = "MultiShop.Order.Domain", "Services\Order\Core\MultiShop.Order.Domain\MultiShop.Order.Domain.csproj", "{7F721ADE-D0B4-4482-8EC4-3298794A5E87}"
EndProject
Project("{9A19103F-16F7-4668-BE54-9A1E7A4F7556}") = "MultiShop.Order.Persistence", "Services\Order\Infrastructure\MultiShop.Order.Persistence\MultiShop.Order.Persistence.csproj", "{90416A0D-D7DB-4E13-B8B1-3F9CB8E587D3}"
EndProject
Project("{9A19103F-16F7-4668-BE54-9A1E7A4F7556}") = "MultiShop.Order.WebApi", "Services\Order\Presntation\MultiShop.Order.WebApi\MultiShop.Order.WebApi.csproj", "{7A615091-65AF-4D1B-B485-2C1B74E691AA}"
EndProject
Project("{9A19103F-16F7-4668-BE54-9A1E7A4F7556}") = "MultiShop.Order.Application", "Services\Order\Core\MultiShop.Order.Application\MultiShop.Order.Application.csproj", "{3F9E4AC6-EBE4-49BD-9046-ED54F3FE061C}"
EndProject
Project("{2150E333-8FDC-42A3-9474-1A3956D46DE8}") = "IdentityServer", "IdentityServer", "{E2CE804F-A7F6-47C3-9B7A-F8D689E57B7E}"
EndProject
Project("{9A19103F-16F7-4668-BE54-9A1E7A4F7556}") = "MultiShop.IdentityServer", "IdentityServer\MultiShop.IdentityServer\MultiShop.IdentityServer.csproj", "{4FE1CF7A-BEF0-4A58-9016-F609B4EC2C63}"
EndProject
Project("{2150E333-8FDC-42A3-9474-1A3956D46DE8}") = "Requirements", "Requirements", "{6BA80399-3553-4774-AC04-6C291B67CE90}"
	ProjectSection(SolutionItems) = preProject
		LoginIndex.txt = LoginIndex.txt
		OcelotCodeExample.txt = OcelotCodeExample.txt
		OcelotLink.txt = OcelotLink.txt
		PortNumbers.txt = PortNumbers.txt
	EndProjectSection
EndProject
Project("{2150E333-8FDC-42A3-9474-1A3956D46DE8}") = "Cargo", "Cargo", "{25CD863E-9AE6-4903-BDF6-D34404960174}"
EndProject
Project("{9A19103F-16F7-4668-BE54-9A1E7A4F7556}") = "MultiShop.Cargo.EntityLayer", "Services\Cargo\MultiShop.Cargo.EntityLayer\MultiShop.Cargo.EntityLayer.csproj", "{D2759010-CF6F-413F-981B-5F56D086F95A}"
EndProject
Project("{9A19103F-16F7-4668-BE54-9A1E7A4F7556}") = "MultiShop.Cargo.BusinessLayer", "Services\Cargo\MultiShop.Cargo.BusinessLayer\MultiShop.Cargo.BusinessLayer.csproj", "{C3E03D6C-BDA8-48F2-AC4F-C5E016A313D7}"
EndProject
Project("{9A19103F-16F7-4668-BE54-9A1E7A4F7556}") = "MultiShop.Cargo.DataAccessLayer", "Services\Cargo\MultiShop.Cargo.DataAccessLayer\MultiShop.Cargo.DataAccessLayer.csproj", "{CE223001-2D52-493C-ADF4-BD9035FEEACC}"
EndProject
Project("{9A19103F-16F7-4668-BE54-9A1E7A4F7556}") = "MultiShop.Cargo.DtoLayer", "Services\Cargo\MultiShop.Cargo.DtoLayer\MultiShop.Cargo.DtoLayer.csproj", "{B6A19E58-20D5-48AE-B3C4-D1191316F0A7}"
EndProject
Project("{9A19103F-16F7-4668-BE54-9A1E7A4F7556}") = "MultiShop.Cargo.WebApi", "Services\Cargo\MultiShop.Cargo.WebApi\MultiShop.Cargo.WebApi.csproj", "{3D2433F1-A6F1-4609-8821-A3BA38945ED8}"
EndProject
Project("{2150E333-8FDC-42A3-9474-1A3956D46DE8}") = "Basket", "Basket", "{456E319B-F453-433C-8AEE-75093C125C93}"
EndProject
Project("{9A19103F-16F7-4668-BE54-9A1E7A4F7556}") = "MultiShop.Basket", "Services\Basket\MultiShop.Basket\MultiShop.Basket.csproj", "{A1FD6A0C-1878-4D1A-A38A-3F623FC3FB74}"
EndProject
Project("{2150E333-8FDC-42A3-9474-1A3956D46DE8}") = "Frontends", "Frontends", "{6158C00F-0F27-4B2F-ABC4-8FD6ABFD93BA}"
EndProject
Project("{9A19103F-16F7-4668-BE54-9A1E7A4F7556}") = "MultiShop.WebUI", "Frontends\MultiShop.WebUI\MultiShop.WebUI.csproj", "{E8C19929-C4EA-4E41-B7A9-91884026369F}"
EndProject
Project("{9A19103F-16F7-4668-BE54-9A1E7A4F7556}") = "MultiShop.DtoLayer", "Frontends\MultiShop.DtoLayer\MultiShop.DtoLayer.csproj", "{AACE1DEA-4A07-43F1-BBB1-AADAF0D0DCB4}"
EndProject
Project("{2150E333-8FDC-42A3-9474-1A3956D46DE8}") = "Comment", "Comment", "{B223A7A3-8703-4ED9-9EB9-F7202E5A4CC9}"
EndProject
Project("{9A19103F-16F7-4668-BE54-9A1E7A4F7556}") = "MultiShop.Comment", "Services\Comment\MultiShop.Comment\MultiShop.Comment.csproj", "{202B1F51-B2EA-406C-B612-285A479D0363}"
EndProject
Project("{2150E333-8FDC-42A3-9474-1A3956D46DE8}") = "ApiGateway", "ApiGateway", "{668F3BA2-B3B3-486B-AE27-AA24074B0C69}"
EndProject
Project("{2150E333-8FDC-42A3-9474-1A3956D46DE8}") = "RapidApi", "RapidApi", "{C4AFD1BB-66C8-4F4E-B3E6-1083A77B5C01}"
EndProject
Project("{9A19103F-16F7-4668-BE54-9A1E7A4F7556}") = "Multishop.OcelotGateway", "ApiGateway\Multishop.OcelotGateway\Multishop.OcelotGateway.csproj", "{72F146EC-7C8E-4DBC-BB65-F69AD84CD423}"
EndProject
Project("{2150E333-8FDC-42A3-9474-1A3956D46DE8}") = "Payment", "Payment", "{6422656A-7343-481F-BC49-0467F7279F46}"
EndProject
Project("{9A19103F-16F7-4668-BE54-9A1E7A4F7556}") = "Multishop.Payment", "Services\Payment\Multishop.Payment\Multishop.Payment.csproj", "{F77F4574-2C45-4513-A465-CA23114FB4D0}"
EndProject
Project("{2150E333-8FDC-42A3-9474-1A3956D46DE8}") = "Images", "Images", "{D39A697D-2DB6-46B9-8DC9-CFC1BB757324}"
EndProject
Project("{9A19103F-16F7-4668-BE54-9A1E7A4F7556}") = "MultiShop.Images", "Services\Images\MultiShop.Images\MultiShop.Images.csproj", "{BD78674E-5649-4172-9CD9-386AF975FC56}"
EndProject
Project("{2150E333-8FDC-42A3-9474-1A3956D46DE8}") = "Message", "Message", "{8B690764-7BCC-49E2-BE21-388F74B9D0C8}"
EndProject
Project("{9A19103F-16F7-4668-BE54-9A1E7A4F7556}") = "MultiShop.Message", "Services\Message\MultiShop.Message\MultiShop.Message.csproj", "{3DDF071E-3AF9-43F9-9613-F1C65ADE5FED}"
EndProject
Project("{2150E333-8FDC-42A3-9474-1A3956D46DE8}") = "SignalRRealTime", "SignalRRealTime", "{A9CDDDAB-C005-40D2-9DB7-FF7081159FF9}"
EndProject
Project("{9A19103F-16F7-4668-BE54-9A1E7A4F7556}") = "MultiShop.SignalRRealTimeApi", "Services\SignalRRealTime\MultiShop.SignalRRealTimeApi\MultiShop.SignalRRealTimeApi.csproj", "{97D271FE-E76C-400D-B906-9A786627CCC6}"
EndProject
Project("{FAE04EC0-301F-11D3-BF4B-00C04F79EFBC}") = "MultiShop.Images.WebUI", "Services\Images\MultiShop.Images.WebUI\MultiShop.Images.WebUI.csproj", "{3F5F270A-F449-4FD6-A584-9F9829BBF2CB}"
EndProject
Project("{2150E333-8FDC-42A3-9474-1A3956D46DE8}") = "RabbitMQMessage", "RabbitMQMessage", "{696DCBC8-D895-404F-AF04-E33ADE09363C}"
EndProject
Project("{FAE04EC0-301F-11D3-BF4B-00C04F79EFBC}") = "MultiShop.RabbitMQMessageApi", "Services\RabbitMQMessage\MultiShop.RabbitMQMessageApi\MultiShop.RabbitMQMessageApi.csproj", "{C9686B27-644D-4200-8E16-3CC8F64A50B9}"
EndProject
Project("{FAE04EC0-301F-11D3-BF4B-00C04F79EFBC}") = "MultiShop.RapidApiWebUI", "RapidApi\MultiShop.RapidApiWebUI\MultiShop.RapidApiWebUI.csproj", "{D883F441-133E-4AD7-A1E5-84FEE57D4984}"
EndProject
Global
	GlobalSection(SolutionConfigurationPlatforms) = preSolution
		Debug|Any CPU = Debug|Any CPU
		Release|Any CPU = Release|Any CPU
	EndGlobalSection
	GlobalSection(ProjectConfigurationPlatforms) = postSolution
		{BF28A3D1-E527-4001-98B9-4005DACB0F8E}.Debug|Any CPU.ActiveCfg = Debug|Any CPU
		{BF28A3D1-E527-4001-98B9-4005DACB0F8E}.Debug|Any CPU.Build.0 = Debug|Any CPU
		{BF28A3D1-E527-4001-98B9-4005DACB0F8E}.Release|Any CPU.ActiveCfg = Release|Any CPU
		{BF28A3D1-E527-4001-98B9-4005DACB0F8E}.Release|Any CPU.Build.0 = Release|Any CPU
		{89D2815D-F065-4E6B-80AC-FC52FEBD927C}.Debug|Any CPU.ActiveCfg = Debug|Any CPU
		{89D2815D-F065-4E6B-80AC-FC52FEBD927C}.Debug|Any CPU.Build.0 = Debug|Any CPU
		{89D2815D-F065-4E6B-80AC-FC52FEBD927C}.Release|Any CPU.ActiveCfg = Release|Any CPU
		{89D2815D-F065-4E6B-80AC-FC52FEBD927C}.Release|Any CPU.Build.0 = Release|Any CPU
		{7F721ADE-D0B4-4482-8EC4-3298794A5E87}.Debug|Any CPU.ActiveCfg = Debug|Any CPU
		{7F721ADE-D0B4-4482-8EC4-3298794A5E87}.Debug|Any CPU.Build.0 = Debug|Any CPU
		{7F721ADE-D0B4-4482-8EC4-3298794A5E87}.Release|Any CPU.ActiveCfg = Release|Any CPU
		{7F721ADE-D0B4-4482-8EC4-3298794A5E87}.Release|Any CPU.Build.0 = Release|Any CPU
		{90416A0D-D7DB-4E13-B8B1-3F9CB8E587D3}.Debug|Any CPU.ActiveCfg = Debug|Any CPU
		{90416A0D-D7DB-4E13-B8B1-3F9CB8E587D3}.Debug|Any CPU.Build.0 = Debug|Any CPU
		{90416A0D-D7DB-4E13-B8B1-3F9CB8E587D3}.Release|Any CPU.ActiveCfg = Release|Any CPU
		{90416A0D-D7DB-4E13-B8B1-3F9CB8E587D3}.Release|Any CPU.Build.0 = Release|Any CPU
		{7A615091-65AF-4D1B-B485-2C1B74E691AA}.Debug|Any CPU.ActiveCfg = Debug|Any CPU
		{7A615091-65AF-4D1B-B485-2C1B74E691AA}.Debug|Any CPU.Build.0 = Debug|Any CPU
		{7A615091-65AF-4D1B-B485-2C1B74E691AA}.Release|Any CPU.ActiveCfg = Release|Any CPU
		{7A615091-65AF-4D1B-B485-2C1B74E691AA}.Release|Any CPU.Build.0 = Release|Any CPU
		{3F9E4AC6-EBE4-49BD-9046-ED54F3FE061C}.Debug|Any CPU.ActiveCfg = Debug|Any CPU
		{3F9E4AC6-EBE4-49BD-9046-ED54F3FE061C}.Debug|Any CPU.Build.0 = Debug|Any CPU
		{3F9E4AC6-EBE4-49BD-9046-ED54F3FE061C}.Release|Any CPU.ActiveCfg = Release|Any CPU
		{3F9E4AC6-EBE4-49BD-9046-ED54F3FE061C}.Release|Any CPU.Build.0 = Release|Any CPU
		{4FE1CF7A-BEF0-4A58-9016-F609B4EC2C63}.Debug|Any CPU.ActiveCfg = Debug|Any CPU
		{4FE1CF7A-BEF0-4A58-9016-F609B4EC2C63}.Debug|Any CPU.Build.0 = Debug|Any CPU
		{4FE1CF7A-BEF0-4A58-9016-F609B4EC2C63}.Release|Any CPU.ActiveCfg = Release|Any CPU
		{4FE1CF7A-BEF0-4A58-9016-F609B4EC2C63}.Release|Any CPU.Build.0 = Release|Any CPU
		{D2759010-CF6F-413F-981B-5F56D086F95A}.Debug|Any CPU.ActiveCfg = Debug|Any CPU
		{D2759010-CF6F-413F-981B-5F56D086F95A}.Debug|Any CPU.Build.0 = Debug|Any CPU
		{D2759010-CF6F-413F-981B-5F56D086F95A}.Release|Any CPU.ActiveCfg = Release|Any CPU
		{D2759010-CF6F-413F-981B-5F56D086F95A}.Release|Any CPU.Build.0 = Release|Any CPU
		{C3E03D6C-BDA8-48F2-AC4F-C5E016A313D7}.Debug|Any CPU.ActiveCfg = Debug|Any CPU
		{C3E03D6C-BDA8-48F2-AC4F-C5E016A313D7}.Debug|Any CPU.Build.0 = Debug|Any CPU
		{C3E03D6C-BDA8-48F2-AC4F-C5E016A313D7}.Release|Any CPU.ActiveCfg = Release|Any CPU
		{C3E03D6C-BDA8-48F2-AC4F-C5E016A313D7}.Release|Any CPU.Build.0 = Release|Any CPU
		{CE223001-2D52-493C-ADF4-BD9035FEEACC}.Debug|Any CPU.ActiveCfg = Debug|Any CPU
		{CE223001-2D52-493C-ADF4-BD9035FEEACC}.Debug|Any CPU.Build.0 = Debug|Any CPU
		{CE223001-2D52-493C-ADF4-BD9035FEEACC}.Release|Any CPU.ActiveCfg = Release|Any CPU
		{CE223001-2D52-493C-ADF4-BD9035FEEACC}.Release|Any CPU.Build.0 = Release|Any CPU
		{B6A19E58-20D5-48AE-B3C4-D1191316F0A7}.Debug|Any CPU.ActiveCfg = Debug|Any CPU
		{B6A19E58-20D5-48AE-B3C4-D1191316F0A7}.Debug|Any CPU.Build.0 = Debug|Any CPU
		{B6A19E58-20D5-48AE-B3C4-D1191316F0A7}.Release|Any CPU.ActiveCfg = Release|Any CPU
		{B6A19E58-20D5-48AE-B3C4-D1191316F0A7}.Release|Any CPU.Build.0 = Release|Any CPU
		{3D2433F1-A6F1-4609-8821-A3BA38945ED8}.Debug|Any CPU.ActiveCfg = Debug|Any CPU
		{3D2433F1-A6F1-4609-8821-A3BA38945ED8}.Debug|Any CPU.Build.0 = Debug|Any CPU
		{3D2433F1-A6F1-4609-8821-A3BA38945ED8}.Release|Any CPU.ActiveCfg = Release|Any CPU
		{3D2433F1-A6F1-4609-8821-A3BA38945ED8}.Release|Any CPU.Build.0 = Release|Any CPU
		{A1FD6A0C-1878-4D1A-A38A-3F623FC3FB74}.Debug|Any CPU.ActiveCfg = Debug|Any CPU
		{A1FD6A0C-1878-4D1A-A38A-3F623FC3FB74}.Debug|Any CPU.Build.0 = Debug|Any CPU
		{A1FD6A0C-1878-4D1A-A38A-3F623FC3FB74}.Release|Any CPU.ActiveCfg = Release|Any CPU
		{A1FD6A0C-1878-4D1A-A38A-3F623FC3FB74}.Release|Any CPU.Build.0 = Release|Any CPU
		{E8C19929-C4EA-4E41-B7A9-91884026369F}.Debug|Any CPU.ActiveCfg = Debug|Any CPU
		{E8C19929-C4EA-4E41-B7A9-91884026369F}.Debug|Any CPU.Build.0 = Debug|Any CPU
		{E8C19929-C4EA-4E41-B7A9-91884026369F}.Release|Any CPU.ActiveCfg = Release|Any CPU
		{E8C19929-C4EA-4E41-B7A9-91884026369F}.Release|Any CPU.Build.0 = Release|Any CPU
		{AACE1DEA-4A07-43F1-BBB1-AADAF0D0DCB4}.Debug|Any CPU.ActiveCfg = Debug|Any CPU
		{AACE1DEA-4A07-43F1-BBB1-AADAF0D0DCB4}.Debug|Any CPU.Build.0 = Debug|Any CPU
		{AACE1DEA-4A07-43F1-BBB1-AADAF0D0DCB4}.Release|Any CPU.ActiveCfg = Release|Any CPU
		{AACE1DEA-4A07-43F1-BBB1-AADAF0D0DCB4}.Release|Any CPU.Build.0 = Release|Any CPU
		{202B1F51-B2EA-406C-B612-285A479D0363}.Debug|Any CPU.ActiveCfg = Debug|Any CPU
		{202B1F51-B2EA-406C-B612-285A479D0363}.Debug|Any CPU.Build.0 = Debug|Any CPU
		{202B1F51-B2EA-406C-B612-285A479D0363}.Release|Any CPU.ActiveCfg = Release|Any CPU
		{202B1F51-B2EA-406C-B612-285A479D0363}.Release|Any CPU.Build.0 = Release|Any CPU
		{72F146EC-7C8E-4DBC-BB65-F69AD84CD423}.Debug|Any CPU.ActiveCfg = Debug|Any CPU
		{72F146EC-7C8E-4DBC-BB65-F69AD84CD423}.Debug|Any CPU.Build.0 = Debug|Any CPU
		{72F146EC-7C8E-4DBC-BB65-F69AD84CD423}.Release|Any CPU.ActiveCfg = Release|Any CPU
		{72F146EC-7C8E-4DBC-BB65-F69AD84CD423}.Release|Any CPU.Build.0 = Release|Any CPU
		{F77F4574-2C45-4513-A465-CA23114FB4D0}.Debug|Any CPU.ActiveCfg = Debug|Any CPU
		{F77F4574-2C45-4513-A465-CA23114FB4D0}.Debug|Any CPU.Build.0 = Debug|Any CPU
		{F77F4574-2C45-4513-A465-CA23114FB4D0}.Release|Any CPU.ActiveCfg = Release|Any CPU
		{F77F4574-2C45-4513-A465-CA23114FB4D0}.Release|Any CPU.Build.0 = Release|Any CPU
		{BD78674E-5649-4172-9CD9-386AF975FC56}.Debug|Any CPU.ActiveCfg = Debug|Any CPU
		{BD78674E-5649-4172-9CD9-386AF975FC56}.Debug|Any CPU.Build.0 = Debug|Any CPU
		{BD78674E-5649-4172-9CD9-386AF975FC56}.Release|Any CPU.ActiveCfg = Release|Any CPU
		{BD78674E-5649-4172-9CD9-386AF975FC56}.Release|Any CPU.Build.0 = Release|Any CPU
		{3DDF071E-3AF9-43F9-9613-F1C65ADE5FED}.Debug|Any CPU.ActiveCfg = Debug|Any CPU
		{3DDF071E-3AF9-43F9-9613-F1C65ADE5FED}.Debug|Any CPU.Build.0 = Debug|Any CPU
		{3DDF071E-3AF9-43F9-9613-F1C65ADE5FED}.Release|Any CPU.ActiveCfg = Release|Any CPU
		{3DDF071E-3AF9-43F9-9613-F1C65ADE5FED}.Release|Any CPU.Build.0 = Release|Any CPU
		{97D271FE-E76C-400D-B906-9A786627CCC6}.Debug|Any CPU.ActiveCfg = Debug|Any CPU
		{97D271FE-E76C-400D-B906-9A786627CCC6}.Debug|Any CPU.Build.0 = Debug|Any CPU
		{97D271FE-E76C-400D-B906-9A786627CCC6}.Release|Any CPU.ActiveCfg = Release|Any CPU
		{97D271FE-E76C-400D-B906-9A786627CCC6}.Release|Any CPU.Build.0 = Release|Any CPU
		{3F5F270A-F449-4FD6-A584-9F9829BBF2CB}.Debug|Any CPU.ActiveCfg = Debug|Any CPU
		{3F5F270A-F449-4FD6-A584-9F9829BBF2CB}.Debug|Any CPU.Build.0 = Debug|Any CPU
		{3F5F270A-F449-4FD6-A584-9F9829BBF2CB}.Release|Any CPU.ActiveCfg = Release|Any CPU
		{3F5F270A-F449-4FD6-A584-9F9829BBF2CB}.Release|Any CPU.Build.0 = Release|Any CPU
		{C9686B27-644D-4200-8E16-3CC8F64A50B9}.Debug|Any CPU.ActiveCfg = Debug|Any CPU
		{C9686B27-644D-4200-8E16-3CC8F64A50B9}.Debug|Any CPU.Build.0 = Debug|Any CPU
		{C9686B27-644D-4200-8E16-3CC8F64A50B9}.Release|Any CPU.ActiveCfg = Release|Any CPU
		{C9686B27-644D-4200-8E16-3CC8F64A50B9}.Release|Any CPU.Build.0 = Release|Any CPU
		{D883F441-133E-4AD7-A1E5-84FEE57D4984}.Debug|Any CPU.ActiveCfg = Debug|Any CPU
		{D883F441-133E-4AD7-A1E5-84FEE57D4984}.Debug|Any CPU.Build.0 = Debug|Any CPU
		{D883F441-133E-4AD7-A1E5-84FEE57D4984}.Release|Any CPU.ActiveCfg = Release|Any CPU
		{D883F441-133E-4AD7-A1E5-84FEE57D4984}.Release|Any CPU.Build.0 = Release|Any CPU
	EndGlobalSection
	GlobalSection(SolutionProperties) = preSolution
		HideSolutionNode = FALSE
	EndGlobalSection
	GlobalSection(NestedProjects) = preSolution
		{537A3636-2F2D-49A2-80A9-0A684ADFA63F} = {26015F5F-F54D-4C09-AE15-DE9A4803972D}
		{BF28A3D1-E527-4001-98B9-4005DACB0F8E} = {537A3636-2F2D-49A2-80A9-0A684ADFA63F}
		{A49496D0-DB6C-45AD-AA38-A1F18C445FAC} = {26015F5F-F54D-4C09-AE15-DE9A4803972D}
		{89D2815D-F065-4E6B-80AC-FC52FEBD927C} = {A49496D0-DB6C-45AD-AA38-A1F18C445FAC}
		{384B54E8-769A-4DA4-A31B-7A7722E115DE} = {26015F5F-F54D-4C09-AE15-DE9A4803972D}
		{CBCFD0BC-82F6-43EC-908B-62CB211D63A0} = {384B54E8-769A-4DA4-A31B-7A7722E115DE}
		{00699513-C643-4119-8321-2D119DC98A78} = {384B54E8-769A-4DA4-A31B-7A7722E115DE}
		{C345B57C-CA52-4F21-867D-B17B2ED0804F} = {384B54E8-769A-4DA4-A31B-7A7722E115DE}
		{7F721ADE-D0B4-4482-8EC4-3298794A5E87} = {CBCFD0BC-82F6-43EC-908B-62CB211D63A0}
		{90416A0D-D7DB-4E13-B8B1-3F9CB8E587D3} = {00699513-C643-4119-8321-2D119DC98A78}
		{7A615091-65AF-4D1B-B485-2C1B74E691AA} = {C345B57C-CA52-4F21-867D-B17B2ED0804F}
		{3F9E4AC6-EBE4-49BD-9046-ED54F3FE061C} = {CBCFD0BC-82F6-43EC-908B-62CB211D63A0}
		{4FE1CF7A-BEF0-4A58-9016-F609B4EC2C63} = {E2CE804F-A7F6-47C3-9B7A-F8D689E57B7E}
		{25CD863E-9AE6-4903-BDF6-D34404960174} = {26015F5F-F54D-4C09-AE15-DE9A4803972D}
		{D2759010-CF6F-413F-981B-5F56D086F95A} = {25CD863E-9AE6-4903-BDF6-D34404960174}
		{C3E03D6C-BDA8-48F2-AC4F-C5E016A313D7} = {25CD863E-9AE6-4903-BDF6-D34404960174}
		{CE223001-2D52-493C-ADF4-BD9035FEEACC} = {25CD863E-9AE6-4903-BDF6-D34404960174}
		{B6A19E58-20D5-48AE-B3C4-D1191316F0A7} = {25CD863E-9AE6-4903-BDF6-D34404960174}
		{3D2433F1-A6F1-4609-8821-A3BA38945ED8} = {25CD863E-9AE6-4903-BDF6-D34404960174}
		{456E319B-F453-433C-8AEE-75093C125C93} = {26015F5F-F54D-4C09-AE15-DE9A4803972D}
		{A1FD6A0C-1878-4D1A-A38A-3F623FC3FB74} = {456E319B-F453-433C-8AEE-75093C125C93}
		{E8C19929-C4EA-4E41-B7A9-91884026369F} = {6158C00F-0F27-4B2F-ABC4-8FD6ABFD93BA}
		{AACE1DEA-4A07-43F1-BBB1-AADAF0D0DCB4} = {6158C00F-0F27-4B2F-ABC4-8FD6ABFD93BA}
		{B223A7A3-8703-4ED9-9EB9-F7202E5A4CC9} = {26015F5F-F54D-4C09-AE15-DE9A4803972D}
		{202B1F51-B2EA-406C-B612-285A479D0363} = {B223A7A3-8703-4ED9-9EB9-F7202E5A4CC9}
		{72F146EC-7C8E-4DBC-BB65-F69AD84CD423} = {668F3BA2-B3B3-486B-AE27-AA24074B0C69}
		{6422656A-7343-481F-BC49-0467F7279F46} = {26015F5F-F54D-4C09-AE15-DE9A4803972D}
		{F77F4574-2C45-4513-A465-CA23114FB4D0} = {6422656A-7343-481F-BC49-0467F7279F46}
		{D39A697D-2DB6-46B9-8DC9-CFC1BB757324} = {26015F5F-F54D-4C09-AE15-DE9A4803972D}
		{BD78674E-5649-4172-9CD9-386AF975FC56} = {D39A697D-2DB6-46B9-8DC9-CFC1BB757324}
		{8B690764-7BCC-49E2-BE21-388F74B9D0C8} = {26015F5F-F54D-4C09-AE15-DE9A4803972D}
		{3DDF071E-3AF9-43F9-9613-F1C65ADE5FED} = {8B690764-7BCC-49E2-BE21-388F74B9D0C8}
		{A9CDDDAB-C005-40D2-9DB7-FF7081159FF9} = {26015F5F-F54D-4C09-AE15-DE9A4803972D}
		{97D271FE-E76C-400D-B906-9A786627CCC6} = {A9CDDDAB-C005-40D2-9DB7-FF7081159FF9}
		{3F5F270A-F449-4FD6-A584-9F9829BBF2CB} = {D39A697D-2DB6-46B9-8DC9-CFC1BB757324}
		{696DCBC8-D895-404F-AF04-E33ADE09363C} = {26015F5F-F54D-4C09-AE15-DE9A4803972D}
		{C9686B27-644D-4200-8E16-3CC8F64A50B9} = {696DCBC8-D895-404F-AF04-E33ADE09363C}
		{D883F441-133E-4AD7-A1E5-84FEE57D4984} = {C4AFD1BB-66C8-4F4E-B3E6-1083A77B5C01}
	EndGlobalSection
	GlobalSection(ExtensibilityGlobals) = postSolution
		SolutionGuid = {F58AFE09-84F5-4616-97FA-A2D0BA5C9E74}
	EndGlobalSection
EndGlobal
